
Microsoft Visual Studio Solution File, Format Version 12.00
# Visual Studio Version 17
VisualStudioVersion = 17.5.002.0
MinimumVisualStudioVersion = 10.0.40219.1
Project("{9A19103F-16F7-4668-BE54-9A1E7A4F7556}") = "fluent-validation-pattern", "fluent-validation-pattern.csproj", "{02A9CB8F-B384-4B01-9079-54F5D58196D2}"
EndProject
Global
	GlobalSection(SolutionConfigurationPlatforms) = preSolution
		Debug|Any CPU = Debug|Any CPU
		Release|Any CPU = Release|Any CPU
	EndGlobalSection
	GlobalSection(ProjectConfigurationPlatforms) = postSolution
		{02A9CB8F-B384-4B01-9079-54F5D58196D2}.Debug|Any CPU.ActiveCfg = Debug|Any CPU
		{02A9CB8F-B384-4B01-9079-54F5D58196D2}.Debug|Any CPU.Build.0 = Debug|Any CPU
		{02A9CB8F-B384-4B01-9079-54F5D58196D2}.Release|Any CPU.ActiveCfg = Release|Any CPU
		{02A9CB8F-B384-4B01-9079-54F5D58196D2}.Release|Any CPU.Build.0 = Release|Any CPU
	EndGlobalSection
	GlobalSection(SolutionProperties) = preSolution
		HideSolutionNode = FALSE
	EndGlobalSection
	GlobalSection(ExtensibilityGlobals) = postSolution
		SolutionGuid = {AD1A6946-1075-40C5-ADCD-9B6FA4B8ED43}
	EndGlobalSection
EndGlobal
